
Microsoft Visual Studio Solution File, Format Version 12.00
# Visual Studio Version 17
VisualStudioVersion = 17.13.35931.197 d17.13
MinimumVisualStudioVersion = 10.0.40219.1
Project("{FAE04EC0-301F-11D3-BF4B-00C04F79EFBC}") = "Win7ThemeEditor", "Win7ThemeEditor\Win7ThemeEditor.csproj", "{F142C26F-1DF0-4A33-816C-D50B3287DE72}"
EndProject
Project("{FAE04EC0-301F-11D3-BF4B-00C04F79EFBC}") = "ThemeInstaller", "ThemeInstaller\ThemeInstaller.csproj", "{A5586082-0736-4E2A-9E18-F5C4EEBB2101}"
EndProject
Project("{FAE04EC0-301F-11D3-BF4B-00C04F79EFBC}") = "W7TEHelper", "W7TEHelper\W7TEHelper.csproj", "{69D8CA93-A5C2-4466-B60A-C2A91E438566}"
EndProject
Project("{FAE04EC0-301F-11D3-BF4B-00C04F79EFBC}") = "TIHelper", "TIHelper\TIHelper.csproj", "{B403FF27-84B8-4917-A59B-F0E0FB941305}"
EndProject
Global
	GlobalSection(SolutionConfigurationPlatforms) = preSolution
		Debug|Any CPU = Debug|Any CPU
		Debug|Mixed Platforms = Debug|Mixed Platforms
		Debug|x86 = Debug|x86
		Release|Any CPU = Release|Any CPU
		Release|Mixed Platforms = Release|Mixed Platforms
		Release|x86 = Release|x86
	EndGlobalSection
	GlobalSection(ProjectConfigurationPlatforms) = postSolution
		{F142C26F-1DF0-4A33-816C-D50B3287DE72}.Debug|Any CPU.ActiveCfg = Debug|x86
		{F142C26F-1DF0-4A33-816C-D50B3287DE72}.Debug|Mixed Platforms.ActiveCfg = Debug|x86
		{F142C26F-1DF0-4A33-816C-D50B3287DE72}.Debug|Mixed Platforms.Build.0 = Debug|x86
		{F142C26F-1DF0-4A33-816C-D50B3287DE72}.Debug|x86.ActiveCfg = Debug|x86
		{F142C26F-1DF0-4A33-816C-D50B3287DE72}.Debug|x86.Build.0 = Debug|x86
		{F142C26F-1DF0-4A33-816C-D50B3287DE72}.Release|Any CPU.ActiveCfg = Release|x86
		{F142C26F-1DF0-4A33-816C-D50B3287DE72}.Release|Mixed Platforms.ActiveCfg = Release|x86
		{F142C26F-1DF0-4A33-816C-D50B3287DE72}.Release|Mixed Platforms.Build.0 = Release|x86
		{F142C26F-1DF0-4A33-816C-D50B3287DE72}.Release|x86.ActiveCfg = Release|x86
		{F142C26F-1DF0-4A33-816C-D50B3287DE72}.Release|x86.Build.0 = Release|x86
		{A5586082-0736-4E2A-9E18-F5C4EEBB2101}.Debug|Any CPU.ActiveCfg = Debug|x86
		{A5586082-0736-4E2A-9E18-F5C4EEBB2101}.Debug|Mixed Platforms.ActiveCfg = Debug|x86
		{A5586082-0736-4E2A-9E18-F5C4EEBB2101}.Debug|Mixed Platforms.Build.0 = Debug|x86
		{A5586082-0736-4E2A-9E18-F5C4EEBB2101}.Debug|x86.ActiveCfg = Debug|x86
		{A5586082-0736-4E2A-9E18-F5C4EEBB2101}.Debug|x86.Build.0 = Debug|x86
		{A5586082-0736-4E2A-9E18-F5C4EEBB2101}.Release|Any CPU.ActiveCfg = Release|x86
		{A5586082-0736-4E2A-9E18-F5C4EEBB2101}.Release|Mixed Platforms.ActiveCfg = Release|x86
		{A5586082-0736-4E2A-9E18-F5C4EEBB2101}.Release|Mixed Platforms.Build.0 = Release|x86
		{A5586082-0736-4E2A-9E18-F5C4EEBB2101}.Release|x86.ActiveCfg = Release|x86
		{A5586082-0736-4E2A-9E18-F5C4EEBB2101}.Release|x86.Build.0 = Release|x86
		{69D8CA93-A5C2-4466-B60A-C2A91E438566}.Debug|Any CPU.ActiveCfg = Debug|Any CPU
		{69D8CA93-A5C2-4466-B60A-C2A91E438566}.Debug|Any CPU.Build.0 = Debug|Any CPU
		{69D8CA93-A5C2-4466-B60A-C2A91E438566}.Debug|Mixed Platforms.ActiveCfg = Debug|Any CPU
		{69D8CA93-A5C2-4466-B60A-C2A91E438566}.Debug|Mixed Platforms.Build.0 = Debug|Any CPU
		{69D8CA93-A5C2-4466-B60A-C2A91E438566}.Debug|x86.ActiveCfg = Debug|Any CPU
		{69D8CA93-A5C2-4466-B60A-C2A91E438566}.Release|Any CPU.ActiveCfg = Release|Any CPU
		{69D8CA93-A5C2-4466-B60A-C2A91E438566}.Release|Any CPU.Build.0 = Release|Any CPU
		{69D8CA93-A5C2-4466-B60A-C2A91E438566}.Release|Mixed Platforms.ActiveCfg = Release|Any CPU
		{69D8CA93-A5C2-4466-B60A-C2A91E438566}.Release|Mixed Platforms.Build.0 = Release|Any CPU
		{69D8CA93-A5C2-4466-B60A-C2A91E438566}.Release|x86.ActiveCfg = Release|Any CPU
		{B403FF27-84B8-4917-A59B-F0E0FB941305}.Debug|Any CPU.ActiveCfg = Debug|Any CPU
		{B403FF27-84B8-4917-A59B-F0E0FB941305}.Debug|Any CPU.Build.0 = Debug|Any CPU
		{B403FF27-84B8-4917-A59B-F0E0FB941305}.Debug|Mixed Platforms.ActiveCfg = Debug|Any CPU
		{B403FF27-84B8-4917-A59B-F0E0FB941305}.Debug|Mixed Platforms.Build.0 = Debug|Any CPU
		{B403FF27-84B8-4917-A59B-F0E0FB941305}.Debug|x86.ActiveCfg = Debug|Any CPU
		{B403FF27-84B8-4917-A59B-F0E0FB941305}.Release|Any CPU.ActiveCfg = Release|Any CPU
		{B403FF27-84B8-4917-A59B-F0E0FB941305}.Release|Any CPU.Build.0 = Release|Any CPU
		{B403FF27-84B8-4917-A59B-F0E0FB941305}.Release|Mixed Platforms.ActiveCfg = Release|Any CPU
		{B403FF27-84B8-4917-A59B-F0E0FB941305}.Release|Mixed Platforms.Build.0 = Release|Any CPU
		{B403FF27-84B8-4917-A59B-F0E0FB941305}.Release|x86.ActiveCfg = Release|Any CPU
	EndGlobalSection
	GlobalSection(SolutionProperties) = preSolution
		HideSolutionNode = FALSE
	EndGlobalSection
	GlobalSection(SubversionScc) = preSolution
		Svn-Managed = True
		Manager = AnkhSVN - Subversion Support for Visual Studio
	EndGlobalSection
EndGlobal
